
Microsoft Visual Studio Solution File, Format Version 12.00
# Visual Studio Version 17
VisualStudioVersion = 17.8.34330.188
MinimumVisualStudioVersion = 10.0.40219.1
Project("{FAE04EC0-301F-11D3-BF4B-00C04F79EFBC}") = "MandatApp", "MandatApp.csproj", "{936BEF31-DD66-4B14-89DC-F5EB3378D215}"
EndProject
Global
	GlobalSection(SolutionConfigurationPlatforms) = preSolution
		Debug|Any CPU = Debug|Any CPU
		Release|Any CPU = Release|Any CPU
	EndGlobalSection
	GlobalSection(ProjectConfigurationPlatforms) = postSolution
		{936BEF31-DD66-4B14-89DC-F5EB3378D215}.Debug|Any CPU.ActiveCfg = Debug|Any CPU
		{936BEF31-DD66-4B14-89DC-F5EB3378D215}.Debug|Any CPU.Build.0 = Debug|Any CPU
		{936BEF31-DD66-4B14-89DC-F5EB3378D215}.Release|Any CPU.ActiveCfg = Release|Any CPU
		{936BEF31-DD66-4B14-89DC-F5EB3378D215}.Release|Any CPU.Build.0 = Release|Any CPU
	EndGlobalSection
	GlobalSection(SolutionProperties) = preSolution
		HideSolutionNode = FALSE
	EndGlobalSection
	GlobalSection(ExtensibilityGlobals) = postSolution
		SolutionGuid = {08399D3C-7CE0-4B79-9938-D4D9A9AE4BF8}
	EndGlobalSection
EndGlobal
